
Microsoft Visual Studio Solution File, Format Version 12.00
# Visual Studio Version 16
VisualStudioVersion = 16.0.32630.194
MinimumVisualStudioVersion = 10.0.40219.1
Project("{9A19103F-16F7-4668-BE54-9A1E7A4F7556}") = "ExamRoomPOC.API", "ExamRoomPOC.API\ExamRoomPOC.API.csproj", "{777B14D6-1FA5-41A7-98EE-48167EF60F8D}"
EndProject
Project("{9A19103F-16F7-4668-BE54-9A1E7A4F7556}") = "ExamRoomPOC.Domain", "ExamRoomPOC.Domain\ExamRoomPOC.Domain.csproj", "{20C9EEFE-3535-4AD1-AA99-0C49B639CA2D}"
EndProject
Project("{9A19103F-16F7-4668-BE54-9A1E7A4F7556}") = "ExamRoomPOC.Services", "ExamRoomPOC.Services\ExamRoomPOC.Services.csproj", "{7651431D-E9CC-4740-977E-33B1FF4F6A55}"
EndProject
Project("{9A19103F-16F7-4668-BE54-9A1E7A4F7556}") = "ExamRoomPOC.Infra", "ExamRoomPOC.Infra\ExamRoomPOC.Infra.csproj", "{35FB8C0D-3DBC-42A2-B87E-B1683FA27281}"
EndProject
Project("{FAE04EC0-301F-11D3-BF4B-00C04F79EFBC}") = "ExamRoomPOC.UnitTests", "ExamRoomPOC.UnitTests\ExamRoomPOC.UnitTests.csproj", "{7BD7D0F5-9947-473F-A631-795BD3F10868}"
EndProject
Global
	GlobalSection(SolutionConfigurationPlatforms) = preSolution
		Debug|Any CPU = Debug|Any CPU
		Release|Any CPU = Release|Any CPU
	EndGlobalSection
	GlobalSection(ProjectConfigurationPlatforms) = postSolution
		{777B14D6-1FA5-41A7-98EE-48167EF60F8D}.Debug|Any CPU.ActiveCfg = Debug|Any CPU
		{777B14D6-1FA5-41A7-98EE-48167EF60F8D}.Debug|Any CPU.Build.0 = Debug|Any CPU
		{777B14D6-1FA5-41A7-98EE-48167EF60F8D}.Release|Any CPU.ActiveCfg = Release|Any CPU
		{777B14D6-1FA5-41A7-98EE-48167EF60F8D}.Release|Any CPU.Build.0 = Release|Any CPU
		{20C9EEFE-3535-4AD1-AA99-0C49B639CA2D}.Debug|Any CPU.ActiveCfg = Debug|Any CPU
		{20C9EEFE-3535-4AD1-AA99-0C49B639CA2D}.Debug|Any CPU.Build.0 = Debug|Any CPU
		{20C9EEFE-3535-4AD1-AA99-0C49B639CA2D}.Release|Any CPU.ActiveCfg = Release|Any CPU
		{20C9EEFE-3535-4AD1-AA99-0C49B639CA2D}.Release|Any CPU.Build.0 = Release|Any CPU
		{7651431D-E9CC-4740-977E-33B1FF4F6A55}.Debug|Any CPU.ActiveCfg = Debug|Any CPU
		{7651431D-E9CC-4740-977E-33B1FF4F6A55}.Debug|Any CPU.Build.0 = Debug|Any CPU
		{7651431D-E9CC-4740-977E-33B1FF4F6A55}.Release|Any CPU.ActiveCfg = Release|Any CPU
		{7651431D-E9CC-4740-977E-33B1FF4F6A55}.Release|Any CPU.Build.0 = Release|Any CPU
		{35FB8C0D-3DBC-42A2-B87E-B1683FA27281}.Debug|Any CPU.ActiveCfg = Debug|Any CPU
		{35FB8C0D-3DBC-42A2-B87E-B1683FA27281}.Debug|Any CPU.Build.0 = Debug|Any CPU
		{35FB8C0D-3DBC-42A2-B87E-B1683FA27281}.Release|Any CPU.ActiveCfg = Release|Any CPU
		{35FB8C0D-3DBC-42A2-B87E-B1683FA27281}.Release|Any CPU.Build.0 = Release|Any CPU
		{7BD7D0F5-9947-473F-A631-795BD3F10868}.Debug|Any CPU.ActiveCfg = Debug|Any CPU
		{7BD7D0F5-9947-473F-A631-795BD3F10868}.Debug|Any CPU.Build.0 = Debug|Any CPU
		{7BD7D0F5-9947-473F-A631-795BD3F10868}.Release|Any CPU.ActiveCfg = Release|Any CPU
		{7BD7D0F5-9947-473F-A631-795BD3F10868}.Release|Any CPU.Build.0 = Release|Any CPU
	EndGlobalSection
	GlobalSection(SolutionProperties) = preSolution
		HideSolutionNode = FALSE
	EndGlobalSection
	GlobalSection(ExtensibilityGlobals) = postSolution
		SolutionGuid = {483E28E2-D159-4CFB-B6EA-306468EF7553}
	EndGlobalSection
EndGlobal
